// !$*UTF8*$!
{
	archiveVersion = 1;
	classes = {
	};
	objectVersion = 55;
	objects = {

/* Begin PBXBuildFile section */
		4560B8D326C57B5B00FD976E /* Pet_WatcherApp.swift in Sources */ = {isa = PBXBuildFile; fileRef = 4560B8D226C57B5B00FD976E /* Pet_WatcherApp.swift */; };
		4560B8D526C57B5B00FD976E /* ContentView.swift in Sources */ = {isa = PBXBuildFile; fileRef = 4560B8D426C57B5B00FD976E /* ContentView.swift */; };
		4560B8D726C57B5F00FD976E /* Assets.xcassets in Resources */ = {isa = PBXBuildFile; fileRef = 4560B8D626C57B5F00FD976E /* Assets.xcassets */; };
		4560B8DA26C57B5F00FD976E /* Preview Assets.xcassets in Resources */ = {isa = PBXBuildFile; fileRef = 4560B8D926C57B5F00FD976E /* Preview Assets.xcassets */; };
		4560B8E426C57B5F00FD976E /* Pet_WatcherTests.swift in Sources */ = {isa = PBXBuildFile; fileRef = 4560B8E326C57B5F00FD976E /* Pet_WatcherTests.swift */; };
		4560B8EE26C57B6000FD976E /* Pet_WatcherUITests.swift in Sources */ = {isa = PBXBuildFile; fileRef = 4560B8ED26C57B6000FD976E /* Pet_WatcherUITests.swift */; };
		4560B8F026C57B6000FD976E /* Pet_WatcherUITestsLaunchTests.swift in Sources */ = {isa = PBXBuildFile; fileRef = 4560B8EF26C57B6000FD976E /* Pet_WatcherUITestsLaunchTests.swift */; };
		4560B8FF26C57E8700FD976E /* PetListView.swift in Sources */ = {isa = PBXBuildFile; fileRef = 4560B8FE26C57E8700FD976E /* PetListView.swift */; };
		4560B90226C57F6000FD976E /* FirstOpenView.swift in Sources */ = {isa = PBXBuildFile; fileRef = 4560B90126C57F6000FD976E /* FirstOpenView.swift */; };
		4560B90426C5849E00FD976E /* PetAlertView.swift in Sources */ = {isa = PBXBuildFile; fileRef = 4560B90326C5849E00FD976E /* PetAlertView.swift */; };
		4560B90626C8529100FD976E /* HexagonParameters.swift in Sources */ = {isa = PBXBuildFile; fileRef = 4560B90526C8529100FD976E /* HexagonParameters.swift */; };
		45E5470726C8A4D000992533 /* BadgeBackground.swift in Sources */ = {isa = PBXBuildFile; fileRef = 45E5470626C8A4D000992533 /* BadgeBackground.swift */; };
		45E5470926CAEA3300992533 /* BadgeSymbol.swift in Sources */ = {isa = PBXBuildFile; fileRef = 45E5470826CAEA3300992533 /* BadgeSymbol.swift */; };
		45E5470B26CAED8700992533 /* RotatedBadgeSymbol.swift in Sources */ = {isa = PBXBuildFile; fileRef = 45E5470A26CAED8700992533 /* RotatedBadgeSymbol.swift */; };
		45E5470D26CAEE1A00992533 /* Badge.swift in Sources */ = {isa = PBXBuildFile; fileRef = 45E5470C26CAEE1A00992533 /* Badge.swift */; };
/* End PBXBuildFile section */

/* Begin PBXContainerItemProxy section */
		4560B8E026C57B5F00FD976E /* PBXContainerItemProxy */ = {
			isa = PBXContainerItemProxy;
			containerPortal = 4560B8C726C57B5B00FD976E /* Project object */;
			proxyType = 1;
			remoteGlobalIDString = 4560B8CE26C57B5B00FD976E;
			remoteInfo = "Pet Watcher";
		};
		4560B8EA26C57B6000FD976E /* PBXContainerItemProxy */ = {
			isa = PBXContainerItemProxy;
			containerPortal = 4560B8C726C57B5B00FD976E /* Project object */;
			proxyType = 1;
			remoteGlobalIDString = 4560B8CE26C57B5B00FD976E;
			remoteInfo = "Pet Watcher";
		};
/* End PBXContainerItemProxy section */

/* Begin PBXFileReference section */
		4560B8CF26C57B5B00FD976E /* Pet Watcher.app */ = {isa = PBXFileReference; explicitFileType = wrapper.application; includeInIndex = 0; path = "Pet Watcher.app"; sourceTree = BUILT_PRODUCTS_DIR; };
		4560B8D226C57B5B00FD976E /* Pet_WatcherApp.swift */ = {isa = PBXFileReference; lastKnownFileType = sourcecode.swift; path = Pet_WatcherApp.swift; sourceTree = "<group>"; };
		4560B8D426C57B5B00FD976E /* ContentView.swift */ = {isa = PBXFileReference; lastKnownFileType = sourcecode.swift; path = ContentView.swift; sourceTree = "<group>"; };
		4560B8D626C57B5F00FD976E /* Assets.xcassets */ = {isa = PBXFileReference; lastKnownFileType = folder.assetcatalog; path = Assets.xcassets; sourceTree = "<group>"; };
		4560B8D926C57B5F00FD976E /* Preview Assets.xcassets */ = {isa = PBXFileReference; lastKnownFileType = folder.assetcatalog; path = "Preview Assets.xcassets"; sourceTree = "<group>"; };
		4560B8DF26C57B5F00FD976E /* Pet WatcherTests.xctest */ = {isa = PBXFileReference; explicitFileType = wrapper.cfbundle; includeInIndex = 0; path = "Pet WatcherTests.xctest"; sourceTree = BUILT_PRODUCTS_DIR; };
		4560B8E326C57B5F00FD976E /* Pet_WatcherTests.swift */ = {isa = PBXFileReference; lastKnownFileType = sourcecode.swift; path = Pet_WatcherTests.swift; sourceTree = "<group>"; };
		4560B8E926C57B6000FD976E /* Pet WatcherUITests.xctest */ = {isa = PBXFileReference; explicitFileType = wrapper.cfbundle; includeInIndex = 0; path = "Pet WatcherUITests.xctest"; sourceTree = BUILT_PRODUCTS_DIR; };
		4560B8ED26C57B6000FD976E /* Pet_WatcherUITests.swift */ = {isa = PBXFileReference; lastKnownFileType = sourcecode.swift; path = Pet_WatcherUITests.swift; sourceTree = "<group>"; };
		4560B8EF26C57B6000FD976E /* Pet_WatcherUITestsLaunchTests.swift */ = {isa = PBXFileReference; lastKnownFileType = sourcecode.swift; path = Pet_WatcherUITestsLaunchTests.swift; sourceTree = "<group>"; };
		4560B8FE26C57E8700FD976E /* PetListView.swift */ = {isa = PBXFileReference; lastKnownFileType = sourcecode.swift; path = PetListView.swift; sourceTree = "<group>"; };
		4560B90126C57F6000FD976E /* FirstOpenView.swift */ = {isa = PBXFileReference; lastKnownFileType = sourcecode.swift; name = FirstOpenView.swift; path = "Pet Watcher/FirstOpenView.swift"; sourceTree = SOURCE_ROOT; };
		4560B90326C5849E00FD976E /* PetAlertView.swift */ = {isa = PBXFileReference; lastKnownFileType = sourcecode.swift; path = PetAlertView.swift; sourceTree = "<group>"; };
		4560B90526C8529100FD976E /* HexagonParameters.swift */ = {isa = PBXFileReference; lastKnownFileType = sourcecode.swift; path = HexagonParameters.swift; sourceTree = "<group>"; };
		45E5470626C8A4D000992533 /* BadgeBackground.swift */ = {isa = PBXFileReference; lastKnownFileType = sourcecode.swift; path = BadgeBackground.swift; sourceTree = "<group>"; };
		45E5470826CAEA3300992533 /* BadgeSymbol.swift */ = {isa = PBXFileReference; lastKnownFileType = sourcecode.swift; path = BadgeSymbol.swift; sourceTree = "<group>"; };
		45E5470A26CAED8700992533 /* RotatedBadgeSymbol.swift */ = {isa = PBXFileReference; lastKnownFileType = sourcecode.swift; path = RotatedBadgeSymbol.swift; sourceTree = "<group>"; };
		45E5470C26CAEE1A00992533 /* Badge.swift */ = {isa = PBXFileReference; lastKnownFileType = sourcecode.swift; path = Badge.swift; sourceTree = "<group>"; };
/* End PBXFileReference section */

/* Begin PBXFrameworksBuildPhase section */
		4560B8CC26C57B5B00FD976E /* Frameworks */ = {
			isa = PBXFrameworksBuildPhase;
			buildActionMask = 2147483647;
			files = (
			);
			runOnlyForDeploymentPostprocessing = 0;
		};
		4560B8DC26C57B5F00FD976E /* Frameworks */ = {
			isa = PBXFrameworksBuildPhase;
			buildActionMask = 2147483647;
			files = (
			);
			runOnlyForDeploymentPostprocessing = 0;
		};
		4560B8E626C57B6000FD976E /* Frameworks */ = {
			isa = PBXFrameworksBuildPhase;
			buildActionMask = 2147483647;
			files = (
			);
			runOnlyForDeploymentPostprocessing = 0;
		};
/* End PBXFrameworksBuildPhase section */

/* Begin PBXGroup section */
		4560B8C626C57B5B00FD976E = {
			isa = PBXGroup;
			children = (
				4560B8D126C57B5B00FD976E /* Pet Watcher */,
				4560B8E226C57B5F00FD976E /* Pet WatcherTests */,
				4560B8EC26C57B6000FD976E /* Pet WatcherUITests */,
				4560B8D026C57B5B00FD976E /* Products */,
			);
			sourceTree = "<group>";
		};
		4560B8D026C57B5B00FD976E /* Products */ = {
			isa = PBXGroup;
			children = (
				4560B8CF26C57B5B00FD976E /* Pet Watcher.app */,
				4560B8DF26C57B5F00FD976E /* Pet WatcherTests.xctest */,
				4560B8E926C57B6000FD976E /* Pet WatcherUITests.xctest */,
			);
			name = Products;
			sourceTree = "<group>";
		};
		4560B8D126C57B5B00FD976E /* Pet Watcher */ = {
			isa = PBXGroup;
			children = (
				45E5470E26CAF04F00992533 /* Badges */,
				4560B8D426C57B5B00FD976E /* ContentView.swift */,
				4560B8D226C57B5B00FD976E /* Pet_WatcherApp.swift */,
				4560B90026C57E9300FD976E /* My Views */,
				4560B8D626C57B5F00FD976E /* Assets.xcassets */,
				4560B8D826C57B5F00FD976E /* Preview Content */,
			);
			path = "Pet Watcher";
			sourceTree = "<group>";
		};
		4560B8D826C57B5F00FD976E /* Preview Content */ = {
			isa = PBXGroup;
			children = (
				4560B8D926C57B5F00FD976E /* Preview Assets.xcassets */,
			);
			path = "Preview Content";
			sourceTree = "<group>";
		};
		4560B8E226C57B5F00FD976E /* Pet WatcherTests */ = {
			isa = PBXGroup;
			children = (
				4560B8E326C57B5F00FD976E /* Pet_WatcherTests.swift */,
			);
			path = "Pet WatcherTests";
			sourceTree = "<group>";
		};
		4560B8EC26C57B6000FD976E /* Pet WatcherUITests */ = {
			isa = PBXGroup;
			children = (
				4560B8ED26C57B6000FD976E /* Pet_WatcherUITests.swift */,
				4560B8EF26C57B6000FD976E /* Pet_WatcherUITestsLaunchTests.swift */,
			);
			path = "Pet WatcherUITests";
			sourceTree = "<group>";
		};
		4560B90026C57E9300FD976E /* My Views */ = {
			isa = PBXGroup;
			children = (
				4560B90126C57F6000FD976E /* FirstOpenView.swift */,
				4560B8FE26C57E8700FD976E /* PetListView.swift */,
				4560B90326C5849E00FD976E /* PetAlertView.swift */,
			);
			path = "My Views";
			sourceTree = "<group>";
		};
		45E5470E26CAF04F00992533 /* Badges */ = {
			isa = PBXGroup;
			children = (
				4560B90526C8529100FD976E /* HexagonParameters.swift */,
				45E5470626C8A4D000992533 /* BadgeBackground.swift */,
				45E5470826CAEA3300992533 /* BadgeSymbol.swift */,
				45E5470A26CAED8700992533 /* RotatedBadgeSymbol.swift */,
				45E5470C26CAEE1A00992533 /* Badge.swift */,
			);
			path = Badges;
			sourceTree = "<group>";
		};
/* End PBXGroup section */

/* Begin PBXNativeTarget section */
		4560B8CE26C57B5B00FD976E /* Pet Watcher */ = {
			isa = PBXNativeTarget;
			buildConfigurationList = 4560B8F326C57B6000FD976E /* Build configuration list for PBXNativeTarget "Pet Watcher" */;
			buildPhases = (
				4560B8CB26C57B5B00FD976E /* Sources */,
				4560B8CC26C57B5B00FD976E /* Frameworks */,
				4560B8CD26C57B5B00FD976E /* Resources */,
			);
			buildRules = (
			);
			dependencies = (
			);
			name = "Pet Watcher";
			productName = "Pet Watcher";
			productReference = 4560B8CF26C57B5B00FD976E /* Pet Watcher.app */;
			productType = "com.apple.product-type.application";
		};
		4560B8DE26C57B5F00FD976E /* Pet WatcherTests */ = {
			isa = PBXNativeTarget;
			buildConfigurationList = 4560B8F626C57B6000FD976E /* Build configuration list for PBXNativeTarget "Pet WatcherTests" */;
			buildPhases = (
				4560B8DB26C57B5F00FD976E /* Sources */,
				4560B8DC26C57B5F00FD976E /* Frameworks */,
				4560B8DD26C57B5F00FD976E /* Resources */,
			);
			buildRules = (
			);
			dependencies = (
				4560B8E126C57B5F00FD976E /* PBXTargetDependency */,
			);
			name = "Pet WatcherTests";
			productName = "Pet WatcherTests";
			productReference = 4560B8DF26C57B5F00FD976E /* Pet WatcherTests.xctest */;
			productType = "com.apple.product-type.bundle.unit-test";
		};
		4560B8E826C57B6000FD976E /* Pet WatcherUITests */ = {
			isa = PBXNativeTarget;
			buildConfigurationList = 4560B8F926C57B6000FD976E /* Build configuration list for PBXNativeTarget "Pet WatcherUITests" */;
			buildPhases = (
				4560B8E526C57B6000FD976E /* Sources */,
				4560B8E626C57B6000FD976E /* Frameworks */,
				4560B8E726C57B6000FD976E /* Resources */,
			);
			buildRules = (
			);
			dependencies = (
				4560B8EB26C57B6000FD976E /* PBXTargetDependency */,
			);
			name = "Pet WatcherUITests";
			productName = "Pet WatcherUITests";
			productReference = 4560B8E926C57B6000FD976E /* Pet WatcherUITests.xctest */;
			productType = "com.apple.product-type.bundle.ui-testing";
		};
/* End PBXNativeTarget section */

/* Begin PBXProject section */
		4560B8C726C57B5B00FD976E /* Project object */ = {
			isa = PBXProject;
			attributes = {
				BuildIndependentTargetsInParallel = 1;
				LastSwiftUpdateCheck = 1300;
				LastUpgradeCheck = 1300;
				TargetAttributes = {
					4560B8CE26C57B5B00FD976E = {
						CreatedOnToolsVersion = 13.0;
					};
					4560B8DE26C57B5F00FD976E = {
						CreatedOnToolsVersion = 13.0;
						TestTargetID = 4560B8CE26C57B5B00FD976E;
					};
					4560B8E826C57B6000FD976E = {
						CreatedOnToolsVersion = 13.0;
						TestTargetID = 4560B8CE26C57B5B00FD976E;
					};
				};
			};
			buildConfigurationList = 4560B8CA26C57B5B00FD976E /* Build configuration list for PBXProject "Pet Watcher" */;
			compatibilityVersion = "Xcode 13.0";
			developmentRegion = en;
			hasScannedForEncodings = 0;
			knownRegions = (
				en,
				Base,
			);
			mainGroup = 4560B8C626C57B5B00FD976E;
			productRefGroup = 4560B8D026C57B5B00FD976E /* Products */;
			projectDirPath = "";
			projectRoot = "";
			targets = (
				4560B8CE26C57B5B00FD976E /* Pet Watcher */,
				4560B8DE26C57B5F00FD976E /* Pet WatcherTests */,
				4560B8E826C57B6000FD976E /* Pet WatcherUITests */,
			);
		};
/* End PBXProject section */

/* Begin PBXResourcesBuildPhase section */
		4560B8CD26C57B5B00FD976E /* Resources */ = {
			isa = PBXResourcesBuildPhase;
			buildActionMask = 2147483647;
			files = (
				4560B8DA26C57B5F00FD976E /* Preview Assets.xcassets in Resources */,
				4560B8D726C57B5F00FD976E /* Assets.xcassets in Resources */,
			);
			runOnlyForDeploymentPostprocessing = 0;
		};
		4560B8DD26C57B5F00FD976E /* Resources */ = {
			isa = PBXResourcesBuildPhase;
			buildActionMask = 2147483647;
			files = (
			);
			runOnlyForDeploymentPostprocessing = 0;
		};
		4560B8E726C57B6000FD976E /* Resources */ = {
			isa = PBXResourcesBuildPhase;
			buildActionMask = 2147483647;
			files = (
			);
			runOnlyForDeploymentPostprocessing = 0;
		};
/* End PBXResourcesBuildPhase section */

/* Begin PBXSourcesBuildPhase section */
		4560B8CB26C57B5B00FD976E /* Sources */ = {
			isa = PBXSourcesBuildPhase;
			buildActionMask = 2147483647;
			files = (
				4560B90626C8529100FD976E /* HexagonParameters.swift in Sources */,
				45E5470D26CAEE1A00992533 /* Badge.swift in Sources */,
				4560B8FF26C57E8700FD976E /* PetListView.swift in Sources */,
				45E5470B26CAED8700992533 /* RotatedBadgeSymbol.swift in Sources */,
				45E5470726C8A4D000992533 /* BadgeBackground.swift in Sources */,
				4560B8D526C57B5B00FD976E /* ContentView.swift in Sources */,
				4560B90426C5849E00FD976E /* PetAlertView.swift in Sources */,
				45E5470926CAEA3300992533 /* BadgeSymbol.swift in Sources */,
				4560B8D326C57B5B00FD976E /* Pet_WatcherApp.swift in Sources */,
				4560B90226C57F6000FD976E /* FirstOpenView.swift in Sources */,
			);
			runOnlyForDeploymentPostprocessing = 0;
		};
		4560B8DB26C57B5F00FD976E /* Sources */ = {
			isa = PBXSourcesBuildPhase;
			buildActionMask = 2147483647;
			files = (
				4560B8E426C57B5F00FD976E /* Pet_WatcherTests.swift in Sources */,
			);
			runOnlyForDeploymentPostprocessing = 0;
		};
		4560B8E526C57B6000FD976E /* Sources */ = {
			isa = PBXSourcesBuildPhase;
			buildActionMask = 2147483647;
			files = (
				4560B8EE26C57B6000FD976E /* Pet_WatcherUITests.swift in Sources */,
				4560B8F026C57B6000FD976E /* Pet_WatcherUITestsLaunchTests.swift in Sources */,
			);
			runOnlyForDeploymentPostprocessing = 0;
		};
/* End PBXSourcesBuildPhase section */

/* Begin PBXTargetDependency section */
		4560B8E126C57B5F00FD976E /* PBXTargetDependency */ = {
			isa = PBXTargetDependency;
			target = 4560B8CE26C57B5B00FD976E /* Pet Watcher */;
			targetProxy = 4560B8E026C57B5F00FD976E /* PBXContainerItemProxy */;
		};
		4560B8EB26C57B6000FD976E /* PBXTargetDependency */ = {
			isa = PBXTargetDependency;
			target = 4560B8CE26C57B5B00FD976E /* Pet Watcher */;
			targetProxy = 4560B8EA26C57B6000FD976E /* PBXContainerItemProxy */;
		};
/* End PBXTargetDependency section */

/* Begin XCBuildConfiguration section */
		4560B8F126C57B6000FD976E /* Debug */ = {
			isa = XCBuildConfiguration;
			buildSettings = {
				ALWAYS_SEARCH_USER_PATHS = NO;
				CLANG_ANALYZER_NONNULL = YES;
				CLANG_ANALYZER_NUMBER_OBJECT_CONVERSION = YES_AGGRESSIVE;
				CLANG_CXX_LANGUAGE_STANDARD = "gnu++17";
				CLANG_CXX_LIBRARY = "libc++";
				CLANG_ENABLE_MODULES = YES;
				CLANG_ENABLE_OBJC_ARC = YES;
				CLANG_ENABLE_OBJC_WEAK = YES;
				CLANG_WARN_BLOCK_CAPTURE_AUTORELEASING = YES;
				CLANG_WARN_BOOL_CONVERSION = YES;
				CLANG_WARN_COMMA = YES;
				CLANG_WARN_CONSTANT_CONVERSION = YES;
				CLANG_WARN_DEPRECATED_OBJC_IMPLEMENTATIONS = YES;
				CLANG_WARN_DIRECT_OBJC_ISA_USAGE = YES_ERROR;
				CLANG_WARN_DOCUMENTATION_COMMENTS = YES;
				CLANG_WARN_EMPTY_BODY = YES;
				CLANG_WARN_ENUM_CONVERSION = YES;
				CLANG_WARN_INFINITE_RECURSION = YES;
				CLANG_WARN_INT_CONVERSION = YES;
				CLANG_WARN_NON_LITERAL_NULL_CONVERSION = YES;
				CLANG_WARN_OBJC_IMPLICIT_RETAIN_SELF = YES;
				CLANG_WARN_OBJC_LITERAL_CONVERSION = YES;
				CLANG_WARN_OBJC_ROOT_CLASS = YES_ERROR;
				CLANG_WARN_QUOTED_INCLUDE_IN_FRAMEWORK_HEADER = YES;
				CLANG_WARN_RANGE_LOOP_ANALYSIS = YES;
				CLANG_WARN_STRICT_PROTOTYPES = YES;
				CLANG_WARN_SUSPICIOUS_MOVE = YES;
				CLANG_WARN_UNGUARDED_AVAILABILITY = YES_AGGRESSIVE;
				CLANG_WARN_UNREACHABLE_CODE = YES;
				CLANG_WARN__DUPLICATE_METHOD_MATCH = YES;
				COPY_PHASE_STRIP = NO;
				DEBUG_INFORMATION_FORMAT = dwarf;
				ENABLE_STRICT_OBJC_MSGSEND = YES;
				ENABLE_TESTABILITY = YES;
				GCC_C_LANGUAGE_STANDARD = gnu11;
				GCC_DYNAMIC_NO_PIC = NO;
				GCC_NO_COMMON_BLOCKS = YES;
				GCC_OPTIMIZATION_LEVEL = 0;
				GCC_PREPROCESSOR_DEFINITIONS = (
					"DEBUG=1",
					"$(inherited)",
				);
				GCC_WARN_64_TO_32_BIT_CONVERSION = YES;
				GCC_WARN_ABOUT_RETURN_TYPE = YES_ERROR;
				GCC_WARN_UNDECLARED_SELECTOR = YES;
				GCC_WARN_UNINITIALIZED_AUTOS = YES_AGGRESSIVE;
				GCC_WARN_UNUSED_FUNCTION = YES;
				GCC_WARN_UNUSED_VARIABLE = YES;
				IPHONEOS_DEPLOYMENT_TARGET = 15.0;
				MTL_ENABLE_DEBUG_INFO = INCLUDE_SOURCE;
				MTL_FAST_MATH = YES;
				ONLY_ACTIVE_ARCH = YES;
				SDKROOT = iphoneos;
				SWIFT_ACTIVE_COMPILATION_CONDITIONS = DEBUG;
				SWIFT_OPTIMIZATION_LEVEL = "-Onone";
			};
			name = Debug;
		};
		4560B8F226C57B6000FD976E /* Release */ = {
			isa = XCBuildConfiguration;
			buildSettings = {
				ALWAYS_SEARCH_USER_PATHS = NO;
				CLANG_ANALYZER_NONNULL = YES;
				CLANG_ANALYZER_NUMBER_OBJECT_CONVERSION = YES_AGGRESSIVE;
				CLANG_CXX_LANGUAGE_STANDARD = "gnu++17";
				CLANG_CXX_LIBRARY = "libc++";
				CLANG_ENABLE_MODULES = YES;
				CLANG_ENABLE_OBJC_ARC = YES;
				CLANG_ENABLE_OBJC_WEAK = YES;
				CLANG_WARN_BLOCK_CAPTURE_AUTORELEASING = YES;
				CLANG_WARN_BOOL_CONVERSION = YES;
				CLANG_WARN_COMMA = YES;
				CLANG_WARN_CONSTANT_CONVERSION = YES;
				CLANG_WARN_DEPRECATED_OBJC_IMPLEMENTATIONS = YES;
				CLANG_WARN_DIRECT_OBJC_ISA_USAGE = YES_ERROR;
				CLANG_WARN_DOCUMENTATION_COMMENTS = YES;
				CLANG_WARN_EMPTY_BODY = YES;
				CLANG_WARN_ENUM_CONVERSION = YES;
				CLANG_WARN_INFINITE_RECURSION = YES;
				CLANG_WARN_INT_CONVERSION = YES;
				CLANG_WARN_NON_LITERAL_NULL_CONVERSION = YES;
				CLANG_WARN_OBJC_IMPLICIT_RETAIN_SELF = YES;
				CLANG_WARN_OBJC_LITERAL_CONVERSION = YES;
				CLANG_WARN_OBJC_ROOT_CLASS = YES_ERROR;
				CLANG_WARN_QUOTED_INCLUDE_IN_FRAMEWORK_HEADER = YES;
				CLANG_WARN_RANGE_LOOP_ANALYSIS = YES;
				CLANG_WARN_STRICT_PROTOTYPES = YES;
				CLANG_WARN_SUSPICIOUS_MOVE = YES;
				CLANG_WARN_UNGUARDED_AVAILABILITY = YES_AGGRESSIVE;
				CLANG_WARN_UNREACHABLE_CODE = YES;
				CLANG_WARN__DUPLICATE_METHOD_MATCH = YES;
				COPY_PHASE_STRIP = NO;
				DEBUG_INFORMATION_FORMAT = "dwarf-with-dsym";
				ENABLE_NS_ASSERTIONS = NO;
				ENABLE_STRICT_OBJC_MSGSEND = YES;
				GCC_C_LANGUAGE_STANDARD = gnu11;
				GCC_NO_COMMON_BLOCKS = YES;
				GCC_WARN_64_TO_32_BIT_CONVERSION = YES;
				GCC_WARN_ABOUT_RETURN_TYPE = YES_ERROR;
				GCC_WARN_UNDECLARED_SELECTOR = YES;
				GCC_WARN_UNINITIALIZED_AUTOS = YES_AGGRESSIVE;
				GCC_WARN_UNUSED_FUNCTION = YES;
				GCC_WARN_UNUSED_VARIABLE = YES;
				IPHONEOS_DEPLOYMENT_TARGET = 15.0;
				MTL_ENABLE_DEBUG_INFO = NO;
				MTL_FAST_MATH = YES;
				SDKROOT = iphoneos;
				SWIFT_COMPILATION_MODE = wholemodule;
				SWIFT_OPTIMIZATION_LEVEL = "-O";
				VALIDATE_PRODUCT = YES;
			};
			name = Release;
		};
		4560B8F426C57B6000FD976E /* Debug */ = {
			isa = XCBuildConfiguration;
			buildSettings = {
				ASSETCATALOG_COMPILER_APPICON_NAME = AppIcon;
				ASSETCATALOG_COMPILER_GLOBAL_ACCENT_COLOR_NAME = AccentColor;
				CODE_SIGN_STYLE = Automatic;
				CURRENT_PROJECT_VERSION = 1;
				DEVELOPMENT_ASSET_PATHS = "\"Pet Watcher/Preview Content\"";
				DEVELOPMENT_TEAM = 4G35CFJ6S3;
				ENABLE_PREVIEWS = YES;
				GENERATE_INFOPLIST_FILE = YES;
				INFOPLIST_KEY_UIApplicationSceneManifest_Generation = YES;
				INFOPLIST_KEY_UIApplicationSupportsIndirectInputEvents = YES;
				INFOPLIST_KEY_UILaunchScreen_Generation = YES;
				INFOPLIST_KEY_UISupportedInterfaceOrientations_iPad = "UIInterfaceOrientationPortrait UIInterfaceOrientationPortraitUpsideDown UIInterfaceOrientationLandscapeLeft UIInterfaceOrientationLandscapeRight";
				INFOPLIST_KEY_UISupportedInterfaceOrientations_iPhone = "UIInterfaceOrientationPortrait UIInterfaceOrientationLandscapeLeft UIInterfaceOrientationLandscapeRight";
				IPHONEOS_DEPLOYMENT_TARGET = 14.0;
				LD_RUNPATH_SEARCH_PATHS = (
					"$(inherited)",
					"@executable_path/Frameworks",
				);
				MARKETING_VERSION = 1.0;
				PRODUCT_BUNDLE_IDENTIFIER = "me.Pet-Watcher";
				PRODUCT_NAME = "$(TARGET_NAME)";
				SWIFT_EMIT_LOC_STRINGS = YES;
				SWIFT_VERSION = 5.0;
				TARGETED_DEVICE_FAMILY = "1,2";
			};
			name = Debug;
		};
		4560B8F526C57B6000FD976E /* Release */ = {
			isa = XCBuildConfiguration;
			buildSettings = {
				ASSETCATALOG_COMPILER_APPICON_NAME = AppIcon;
				ASSETCATALOG_COMPILER_GLOBAL_ACCENT_COLOR_NAME = AccentColor;
				CODE_SIGN_STYLE = Automatic;
				CURRENT_PROJECT_VERSION = 1;
				DEVELOPMENT_ASSET_PATHS = "\"Pet Watcher/Preview Content\"";
				DEVELOPMENT_TEAM = 4G35CFJ6S3;
				ENABLE_PREVIEWS = YES;
				GENERATE_INFOPLIST_FILE = YES;
				INFOPLIST_KEY_UIApplicationSceneManifest_Generation = YES;
				INFOPLIST_KEY_UIApplicationSupportsIndirectInputEvents = YES;
				INFOPLIST_KEY_UILaunchScreen_Generation = YES;
				INFOPLIST_KEY_UISupportedInterfaceOrientations_iPad = "UIInterfaceOrientationPortrait UIInterfaceOrientationPortraitUpsideDown UIInterfaceOrientationLandscapeLeft UIInterfaceOrientationLandscapeRight";
				INFOPLIST_KEY_UISupportedInterfaceOrientations_iPhone = "UIInterfaceOrientationPortrait UIInterfaceOrientationLandscapeLeft UIInterfaceOrientationLandscapeRight";
				IPHONEOS_DEPLOYMENT_TARGET = 14.0;
				LD_RUNPATH_SEARCH_PATHS = (
					"$(inherited)",
					"@executable_path/Frameworks",
				);
				MARKETING_VERSION = 1.0;
				PRODUCT_BUNDLE_IDENTIFIER = "me.Pet-Watcher";
				PRODUCT_NAME = "$(TARGET_NAME)";
				SWIFT_EMIT_LOC_STRINGS = YES;
				SWIFT_VERSION = 5.0;
				TARGETED_DEVICE_FAMILY = "1,2";
			};
			name = Release;
		};
		4560B8F726C57B6000FD976E /* Debug */ = {
			isa = XCBuildConfiguration;
			buildSettings = {
				ALWAYS_EMBED_SWIFT_STANDARD_LIBRARIES = YES;
				BUNDLE_LOADER = "$(TEST_HOST)";
				CODE_SIGN_STYLE = Automatic;
				CURRENT_PROJECT_VERSION = 1;
				DEVELOPMENT_TEAM = 4G35CFJ6S3;
				GENERATE_INFOPLIST_FILE = YES;
				IPHONEOS_DEPLOYMENT_TARGET = 14.0;
				LD_RUNPATH_SEARCH_PATHS = (
					"$(inherited)",
					"@executable_path/Frameworks",
					"@loader_path/Frameworks",
				);
				MARKETING_VERSION = 1.0;
				PRODUCT_BUNDLE_IDENTIFIER = "me.Pet-WatcherTests";
				PRODUCT_NAME = "$(TARGET_NAME)";
				SWIFT_EMIT_LOC_STRINGS = NO;
				SWIFT_VERSION = 5.0;
				TARGETED_DEVICE_FAMILY = "1,2";
				TEST_HOST = "$(BUILT_PRODUCTS_DIR)/Pet Watcher.app/Pet Watcher";
			};
			name = Debug;
		};
		4560B8F826C57B6000FD976E /* Release */ = {
			isa = XCBuildConfiguration;
			buildSettings = {
				ALWAYS_EMBED_SWIFT_STANDARD_LIBRARIES = YES;
				BUNDLE_LOADER = "$(TEST_HOST)";
				CODE_SIGN_STYLE = Automatic;
				CURRENT_PROJECT_VERSION = 1;
				DEVELOPMENT_TEAM = 4G35CFJ6S3;
				GENERATE_INFOPLIST_FILE = YES;
				IPHONEOS_DEPLOYMENT_TARGET = 14.0;
				LD_RUNPATH_SEARCH_PATHS = (
					"$(inherited)",
					"@executable_path/Frameworks",
					"@loader_path/Frameworks",
				);
				MARKETING_VERSION = 1.0;
				PRODUCT_BUNDLE_IDENTIFIER = "me.Pet-WatcherTests";
				PRODUCT_NAME = "$(TARGET_NAME)";
				SWIFT_EMIT_LOC_STRINGS = NO;
				SWIFT_VERSION = 5.0;
				TARGETED_DEVICE_FAMILY = "1,2";
				TEST_HOST = "$(BUILT_PRODUCTS_DIR)/Pet Watcher.app/Pet Watcher";
			};
			name = Release;
		};
		4560B8FA26C57B6000FD976E /* Debug */ = {
			isa = XCBuildConfiguration;
			buildSettings = {
				ALWAYS_EMBED_SWIFT_STANDARD_LIBRARIES = YES;
				CODE_SIGN_STYLE = Automatic;
				CURRENT_PROJECT_VERSION = 1;
				DEVELOPMENT_TEAM = 4G35CFJ6S3;
				GENERATE_INFOPLIST_FILE = YES;
				LD_RUNPATH_SEARCH_PATHS = (
					"$(inherited)",
					"@executable_path/Frameworks",
					"@loader_path/Frameworks",
				);
				MARKETING_VERSION = 1.0;
				PRODUCT_BUNDLE_IDENTIFIER = "me.Pet-WatcherUITests";
				PRODUCT_NAME = "$(TARGET_NAME)";
				SWIFT_EMIT_LOC_STRINGS = NO;
				SWIFT_VERSION = 5.0;
				TARGETED_DEVICE_FAMILY = "1,2";
				TEST_TARGET_NAME = "Pet Watcher";
			};
			name = Debug;
		};
		4560B8FB26C57B6000FD976E /* Release */ = {
			isa = XCBuildConfiguration;
			buildSettings = {
				ALWAYS_EMBED_SWIFT_STANDARD_LIBRARIES = YES;
				CODE_SIGN_STYLE = Automatic;
				CURRENT_PROJECT_VERSION = 1;
				DEVELOPMENT_TEAM = 4G35CFJ6S3;
				GENERATE_INFOPLIST_FILE = YES;
				LD_RUNPATH_SEARCH_PATHS = (
					"$(inherited)",
					"@executable_path/Frameworks",
					"@loader_path/Frameworks",
				);
				MARKETING_VERSION = 1.0;
				PRODUCT_BUNDLE_IDENTIFIER = "me.Pet-WatcherUITests";
				PRODUCT_NAME = "$(TARGET_NAME)";
				SWIFT_EMIT_LOC_STRINGS = NO;
				SWIFT_VERSION = 5.0;
				TARGETED_DEVICE_FAMILY = "1,2";
				TEST_TARGET_NAME = "Pet Watcher";
			};
			name = Release;
		};
/* End XCBuildConfiguration section */

/* Begin XCConfigurationList section */
		4560B8CA26C57B5B00FD976E /* Build configuration list for PBXProject "Pet Watcher" */ = {
			isa = XCConfigurationList;
			buildConfigurations = (
				4560B8F126C57B6000FD976E /* Debug */,
				4560B8F226C57B6000FD976E /* Release */,
			);
			defaultConfigurationIsVisible = 0;
			defaultConfigurationName = Release;
		};
		4560B8F326C57B6000FD976E /* Build configuration list for PBXNativeTarget "Pet Watcher" */ = {
			isa = XCConfigurationList;
			buildConfigurations = (
				4560B8F426C57B6000FD976E /* Debug */,
				4560B8F526C57B6000FD976E /* Release */,
			);
			defaultConfigurationIsVisible = 0;
			defaultConfigurationName = Release;
		};
		4560B8F626C57B6000FD976E /* Build configuration list for PBXNativeTarget "Pet WatcherTests" */ = {
			isa = XCConfigurationList;
			buildConfigurations = (
				4560B8F726C57B6000FD976E /* Debug */,
				4560B8F826C57B6000FD976E /* Release */,
			);
			defaultConfigurationIsVisible = 0;
			defaultConfigurationName = Release;
		};
		4560B8F926C57B6000FD976E /* Build configuration list for PBXNativeTarget "Pet WatcherUITests" */ = {
			isa = XCConfigurationList;
			buildConfigurations = (
				4560B8FA26C57B6000FD976E /* Debug */,
				4560B8FB26C57B6000FD976E /* Release */,
			);
			defaultConfigurationIsVisible = 0;
			defaultConfigurationName = Release;
		};
/* End XCConfigurationList section */
	};
	rootObject = 4560B8C726C57B5B00FD976E /* Project object */;
}
